<Solution>
  <Project Path="BezierSolution.Runtime.csproj" />
  <Project Path="AYellowpaper.SerializedCollections.csproj" />
  <Project Path="AYellowpaper.SerializedCollections.Editor.csproj" />
  <Project Path="Assembly-CSharp.csproj" />
  <Project Path="BezierSolution.Editor.csproj" />
  <Project Path="Assembly-CSharp-firstpass.csproj" />
</Solution>
